<?xml version="1.0" encoding="utf-8"?>
<Project ToolsVersion="4.0" xmlns="http://schemas.microsoft.com/developer/msbuild/2003">
  <ItemGroup>
    <Filter Include="Geometry">
      <UniqueIdentifier>{c4163e42-5691-46c4-8512-2ab2245cf3b3}</UniqueIdentifier>
    </Filter>
    <Filter Include="BVH">
      <UniqueIdentifier>{959780a2-b6da-42bd-9a9a-b7494691ba78}</UniqueIdentifier>
    </Filter>
    <Filter Include="Utils">
      <UniqueIdentifier>{90abeed6-ca92-4e4b-ad27-58565a1bda5e}</UniqueIdentifier>
    </Filter>
    <Filter Include="Scenes">
      <UniqueIdentifier>{51c42171-860b-433d-9cde-12544574c10f}</UniqueIdentifier>
    </Filter>
    <Filter Include="Rendering">
      <UniqueIdentifier>{c61d4e04-af1a-410c-abc8-1c12ac9990d6}</UniqueIdentifier>
    </Filter>
  </ItemGroup>
  <ItemGroup>
    <ClInclude Include="Geometry\Hitable.h">
      <Filter>Geometry</Filter>
    </ClInclude>
    <ClInclude Include="Geometry\Scene.h">
      <Filter>Geometry</Filter>
    </ClInclude>
    <ClInclude Include="BVH\AABoundBox.h">
      <Filter>BVH</Filter>
    </ClInclude>
    <ClInclude Include="BVH\KDTree.h">
      <Filter>BVH</Filter>
    </ClInclude>
    <ClInclude Include="Utils\Image.h">
      <Filter>Utils</Filter>
    </ClInclude>
    <ClInclude Include="Utils\Math101.h">
      <Filter>Utils</Filter>
    </ClInclude>
    <ClInclude Include="Utils\Random.h">
      <Filter>Utils</Filter>
    </ClInclude>
    <ClInclude Include="Rendering\Camera.h">
      <Filter>Rendering</Filter>
    </ClInclude>
    <ClInclude Include="Rendering\Material.h">
      <Filter>Rendering</Filter>
    </ClInclude>
    <ClInclude Include="Rendering\Ray.h">
      <Filter>Rendering</Filter>
    </ClInclude>
    <ClInclude Include="Rendering\Rendering.h">
      <Filter>Rendering</Filter>
    </ClInclude>
  </ItemGroup>
  <ItemGroup>
    <ClCompile Include="Geometry\Hitable.cpp">
      <Filter>Geometry</Filter>
    </ClCompile>
    <ClCompile Include="BVH\KDTree.cpp">
      <Filter>BVH</Filter>
    </ClCompile>
    <ClCompile Include="Utils\Image.cpp">
      <Filter>Utils</Filter>
    </ClCompile>
    <ClCompile Include="Utils\Math101.cpp">
      <Filter>Utils</Filter>
    </ClCompile>
    <ClCompile Include="Utils\Random.cpp">
      <Filter>Utils</Filter>
    </ClCompile>
    <ClCompile Include="Scenes\main.cpp">
      <Filter>Scenes</Filter>
    </ClCompile>
    <ClCompile Include="Rendering\Rendering.cpp">
      <Filter>Rendering</Filter>
    </ClCompile>
    <ClCompile Include="Rendering\Camera.cpp">
      <Filter>Rendering</Filter>
    </ClCompile>
  </ItemGroup>
</Project>